
Microsoft Visual Studio Solution File, Format Version 12.00
# Visual Studio Version 17
VisualStudioVersion = 17.0.32014.148
MinimumVisualStudioVersion = 10.0.40219.1
Project("{FAE04EC0-301F-11D3-BF4B-00C04F79EFBC}") = "Week2.Demo", "Week2.Demo\Week2.Demo.csproj", "{C508C0A7-F57B-497B-91FA-F8716C24DF8E}"
EndProject
Project("{FAE04EC0-301F-11D3-BF4B-00C04F79EFBC}") = "Week2.Demo.ScuolaDanza", "Week2.Demo.ScuolaDanza\Week2.Demo.ScuolaDanza.csproj", "{4FE43C97-9A38-480A-A3E3-07F3E1C6DE62}"
EndProject
Global
	GlobalSection(SolutionConfigurationPlatforms) = preSolution
		Debug|Any CPU = Debug|Any CPU
		Release|Any CPU = Release|Any CPU
	EndGlobalSection
	GlobalSection(ProjectConfigurationPlatforms) = postSolution
		{C508C0A7-F57B-497B-91FA-F8716C24DF8E}.Debug|Any CPU.ActiveCfg = Debug|Any CPU
		{C508C0A7-F57B-497B-91FA-F8716C24DF8E}.Debug|Any CPU.Build.0 = Debug|Any CPU
		{C508C0A7-F57B-497B-91FA-F8716C24DF8E}.Release|Any CPU.ActiveCfg = Release|Any CPU
		{C508C0A7-F57B-497B-91FA-F8716C24DF8E}.Release|Any CPU.Build.0 = Release|Any CPU
		{4FE43C97-9A38-480A-A3E3-07F3E1C6DE62}.Debug|Any CPU.ActiveCfg = Debug|Any CPU
		{4FE43C97-9A38-480A-A3E3-07F3E1C6DE62}.Debug|Any CPU.Build.0 = Debug|Any CPU
		{4FE43C97-9A38-480A-A3E3-07F3E1C6DE62}.Release|Any CPU.ActiveCfg = Release|Any CPU
		{4FE43C97-9A38-480A-A3E3-07F3E1C6DE62}.Release|Any CPU.Build.0 = Release|Any CPU
	EndGlobalSection
	GlobalSection(SolutionProperties) = preSolution
		HideSolutionNode = FALSE
	EndGlobalSection
	GlobalSection(ExtensibilityGlobals) = postSolution
		SolutionGuid = {87B25C19-077E-41B0-9472-08C7E1BEDDF4}
	EndGlobalSection
EndGlobal
